
Microsoft Visual Studio Solution File, Format Version 12.00
# Visual Studio Version 17
VisualStudioVersion = 17.3.32819.101
MinimumVisualStudioVersion = 10.0.40219.1
Project("{FAE04EC0-301F-11D3-BF4B-00C04F79EFBC}") = "create1", "create1\create1.csproj", "{5357E3D2-C811-4F29-9F47-D4B3AB9BB066}"
EndProject
Global
	GlobalSection(SolutionConfigurationPlatforms) = preSolution
		Debug|Any CPU = Debug|Any CPU
		Release|Any CPU = Release|Any CPU
	EndGlobalSection
	GlobalSection(ProjectConfigurationPlatforms) = postSolution
		{5357E3D2-C811-4F29-9F47-D4B3AB9BB066}.Debug|Any CPU.ActiveCfg = Debug|Any CPU
		{5357E3D2-C811-4F29-9F47-D4B3AB9BB066}.Debug|Any CPU.Build.0 = Debug|Any CPU
		{5357E3D2-C811-4F29-9F47-D4B3AB9BB066}.Release|Any CPU.ActiveCfg = Release|Any CPU
		{5357E3D2-C811-4F29-9F47-D4B3AB9BB066}.Release|Any CPU.Build.0 = Release|Any CPU
	EndGlobalSection
	GlobalSection(SolutionProperties) = preSolution
		HideSolutionNode = FALSE
	EndGlobalSection
	GlobalSection(ExtensibilityGlobals) = postSolution
		SolutionGuid = {CCCDC5B1-239A-42F3-A080-9201A7C1ECC5}
	EndGlobalSection
EndGlobal
